{
  "name": "srcs",
  "lockfileVersion": 3,
  "requires": true,
  "packages": {
    "": {
      "dependencies": {
        "image-dimensions": "^2.5.1"
      }
    },
    "node_modules/image-dimensions": {
      "version": "2.5.1",
      "resolved": "https://registry.npmjs.org/image-dimensions/-/image-dimensions-2.5.1.tgz",
      "integrity": "sha512-It7CkTNp7IYA8jhvGgz8K18OAbHF3/Juk8RNEyTyMFfolJOIU1Y2wGDnzDQPbGCjyxVF/++pwIZE0BKJUEOb1g==",
      "bin": {
        "image-dimensions": "cli.js"
      },
      "engines": {
        "node": ">=18"
      },
      "funding": {
        "url": "https://github.com/sponsors/sindresorhus"
      }
    }
  }
}
