{
  "name": "Transcendance",
  "lockfileVersion": 3,
  "requires": true,
  "packages": {
    "": {
      "dependencies": {
        "babylonjs": "^9.9.1"
      }
    },
    "node_modules/babylonjs": {
      "version": "9.9.1",
      "resolved": "https://registry.npmjs.org/babylonjs/-/babylonjs-9.9.1.tgz",
      "integrity": "sha512-zMH8r0l/il9PJhy2+uS+/EyeLBy/ElZg0lKLj2d+ZrUarOanjMISaACw0HUx7C1EgYoXUFSMQLYcpXguleh8GA==",
      "hasInstallScript": true
    }
  }
}
